github.com/adityatelange/hugo-PaperMod v0.0.0-20231119191116-65d650fc4d2e h1:YF7DZY5EypnHl1pL9PZAiOIoIm52gUB++xhnDN5U070=
github.com/adityatelange/hugo-PaperMod v0.0.0-20231119191116-65d650fc4d2e/go.mod h1:HCHxNMKYdGafUYjVV3ICiAqznZK2yH0iI53jqcDFDdQ=
github.com/nanxiaobei/hugo-paper v0.0.0-20231020074614-8302d99c5eb5 h1:Vb46IJD8NDHEDqolEkqznEhTQ9Jc7LvpT/SYMGk9gWE=
github.com/nanxiaobei/hugo-paper v0.0.0-20231020074614-8302d99c5eb5/go.mod h1:cS2hTYPgmZ2FkPTQbOiX6vB0yLQcWD067kJx2lkRPVQ=
